
Microsoft Visual Studio Solution File, Format Version 12.00
# Visual Studio Version 17
VisualStudioVersion = 17.13.35818.85 d17.13
MinimumVisualStudioVersion = 10.0.40219.1
Project("{FAE04EC0-301F-11D3-BF4B-00C04F79EFBC}") = "PruebaTecnicaMakers", "PruebaTecnicaMakers\PruebaTecnicaMakers.csproj", "{F7104812-0A5A-4D29-8106-A74DC1C33CFB}"
EndProject
Project("{FAE04EC0-301F-11D3-BF4B-00C04F79EFBC}") = "Domain", "Domain\Domain.csproj", "{ADCEF5B3-21D2-4C3A-922E-E37F4C4A4D75}"
EndProject
Project("{FAE04EC0-301F-11D3-BF4B-00C04F79EFBC}") = "Application", "Application\Application.csproj", "{5DDAB9F4-BF7A-40E8-9898-4D7997D377A1}"
EndProject
Project("{FAE04EC0-301F-11D3-BF4B-00C04F79EFBC}") = "Infrastructure", "Infrastructure\Infrastructure.csproj", "{715BBA8F-E79B-4892-ADCE-382B51119CF3}"
EndProject
Project("{FAE04EC0-301F-11D3-BF4B-00C04F79EFBC}") = "LoanUserSystem.Tests", "LoanUserSystem.Tests\LoanUserSystem.Tests.csproj", "{0D98623F-FB0C-4696-900D-D98365647384}"
EndProject
Global
	GlobalSection(SolutionConfigurationPlatforms) = preSolution
		Debug|Any CPU = Debug|Any CPU
		Release|Any CPU = Release|Any CPU
	EndGlobalSection
	GlobalSection(ProjectConfigurationPlatforms) = postSolution
		{F7104812-0A5A-4D29-8106-A74DC1C33CFB}.Debug|Any CPU.ActiveCfg = Debug|Any CPU
		{F7104812-0A5A-4D29-8106-A74DC1C33CFB}.Debug|Any CPU.Build.0 = Debug|Any CPU
		{F7104812-0A5A-4D29-8106-A74DC1C33CFB}.Release|Any CPU.ActiveCfg = Release|Any CPU
		{F7104812-0A5A-4D29-8106-A74DC1C33CFB}.Release|Any CPU.Build.0 = Release|Any CPU
		{ADCEF5B3-21D2-4C3A-922E-E37F4C4A4D75}.Debug|Any CPU.ActiveCfg = Debug|Any CPU
		{ADCEF5B3-21D2-4C3A-922E-E37F4C4A4D75}.Debug|Any CPU.Build.0 = Debug|Any CPU
		{ADCEF5B3-21D2-4C3A-922E-E37F4C4A4D75}.Release|Any CPU.ActiveCfg = Release|Any CPU
		{ADCEF5B3-21D2-4C3A-922E-E37F4C4A4D75}.Release|Any CPU.Build.0 = Release|Any CPU
		{5DDAB9F4-BF7A-40E8-9898-4D7997D377A1}.Debug|Any CPU.ActiveCfg = Debug|Any CPU
		{5DDAB9F4-BF7A-40E8-9898-4D7997D377A1}.Debug|Any CPU.Build.0 = Debug|Any CPU
		{5DDAB9F4-BF7A-40E8-9898-4D7997D377A1}.Release|Any CPU.ActiveCfg = Release|Any CPU
		{5DDAB9F4-BF7A-40E8-9898-4D7997D377A1}.Release|Any CPU.Build.0 = Release|Any CPU
		{715BBA8F-E79B-4892-ADCE-382B51119CF3}.Debug|Any CPU.ActiveCfg = Debug|Any CPU
		{715BBA8F-E79B-4892-ADCE-382B51119CF3}.Debug|Any CPU.Build.0 = Debug|Any CPU
		{715BBA8F-E79B-4892-ADCE-382B51119CF3}.Release|Any CPU.ActiveCfg = Release|Any CPU
		{715BBA8F-E79B-4892-ADCE-382B51119CF3}.Release|Any CPU.Build.0 = Release|Any CPU
		{0D98623F-FB0C-4696-900D-D98365647384}.Debug|Any CPU.ActiveCfg = Debug|Any CPU
		{0D98623F-FB0C-4696-900D-D98365647384}.Debug|Any CPU.Build.0 = Debug|Any CPU
		{0D98623F-FB0C-4696-900D-D98365647384}.Release|Any CPU.ActiveCfg = Release|Any CPU
		{0D98623F-FB0C-4696-900D-D98365647384}.Release|Any CPU.Build.0 = Release|Any CPU
	EndGlobalSection
	GlobalSection(SolutionProperties) = preSolution
		HideSolutionNode = FALSE
	EndGlobalSection
	GlobalSection(ExtensibilityGlobals) = postSolution
		SolutionGuid = {F5CB613B-1DF7-46C2-82F7-B48B9993602A}
	EndGlobalSection
EndGlobal
